// !$*UTF8*$!
{
	archiveVersion = 1;
	classes = {
	};
	objectVersion = 56;
	objects = {

/* Begin PBXBuildFile section */
		BC5E5DBC2BC9A17A00BD7655 /* TrackerCategory.swift in Sources */ = {isa = PBXBuildFile; fileRef = BC5E5DBB2BC9A17A00BD7655 /* TrackerCategory.swift */; };
		BC5E5DBE2BC9A18800BD7655 /* TrackerRecord.swift in Sources */ = {isa = PBXBuildFile; fileRef = BC5E5DBD2BC9A18800BD7655 /* TrackerRecord.swift */; };
		BC5E5DC02BC9A5E700BD7655 /* Tracker.swift in Sources */ = {isa = PBXBuildFile; fileRef = BC5E5DBF2BC9A5E700BD7655 /* Tracker.swift */; };
		BC5E5DC32BC9AD4B00BD7655 /* CreatingTracker.swift in Sources */ = {isa = PBXBuildFile; fileRef = BC5E5DC22BC9AD4B00BD7655 /* CreatingTracker.swift */; };
		BC5E5DC62BC9AE7000BD7655 /* Extensions.swift in Sources */ = {isa = PBXBuildFile; fileRef = BC5E5DC52BC9AE7000BD7655 /* Extensions.swift */; };
		BC5E5DC92BC9BF7200BD7655 /* Protocols.swift in Sources */ = {isa = PBXBuildFile; fileRef = BC5E5DC82BC9BF7200BD7655 /* Protocols.swift */; };
		BC9A9F852BCB2F8800558F38 /* CollectionViewCell.swift in Sources */ = {isa = PBXBuildFile; fileRef = BC9A9F842BCB2F8800558F38 /* CollectionViewCell.swift */; };
		BC9A9F872BCB429900558F38 /* GeomitricParams.swift in Sources */ = {isa = PBXBuildFile; fileRef = BC9A9F862BCB429900558F38 /* GeomitricParams.swift */; };
		BCC82EE42BBEE8710042D467 /* AppDelegate.swift in Sources */ = {isa = PBXBuildFile; fileRef = BCC82EE32BBEE8710042D467 /* AppDelegate.swift */; };
		BCC82EE62BBEE8710042D467 /* SceneDelegate.swift in Sources */ = {isa = PBXBuildFile; fileRef = BCC82EE52BBEE8710042D467 /* SceneDelegate.swift */; };
		BCC82EED2BBEE8720042D467 /* Assets.xcassets in Resources */ = {isa = PBXBuildFile; fileRef = BCC82EEC2BBEE8720042D467 /* Assets.xcassets */; };
		BCC82EF02BBEE8720042D467 /* Base in Resources */ = {isa = PBXBuildFile; fileRef = BCC82EEF2BBEE8720042D467 /* Base */; };
		BCF6219C2BBF4561001DE986 /* TabBarControler.swift in Sources */ = {isa = PBXBuildFile; fileRef = BCF6219B2BBF4561001DE986 /* TabBarControler.swift */; };
		BCF6219E2BBF4595001DE986 /* TrackerViewController.swift in Sources */ = {isa = PBXBuildFile; fileRef = BCF6219D2BBF4595001DE986 /* TrackerViewController.swift */; };
		BCF621A02BBF45A8001DE986 /* StatisticViewController.swift in Sources */ = {isa = PBXBuildFile; fileRef = BCF6219F2BBF45A8001DE986 /* StatisticViewController.swift */; };
/* End PBXBuildFile section */

/* Begin PBXFileReference section */
		BC5E5DBB2BC9A17A00BD7655 /* TrackerCategory.swift */ = {isa = PBXFileReference; lastKnownFileType = sourcecode.swift; path = TrackerCategory.swift; sourceTree = "<group>"; };
		BC5E5DBD2BC9A18800BD7655 /* TrackerRecord.swift */ = {isa = PBXFileReference; lastKnownFileType = sourcecode.swift; path = TrackerRecord.swift; sourceTree = "<group>"; };
		BC5E5DBF2BC9A5E700BD7655 /* Tracker.swift */ = {isa = PBXFileReference; lastKnownFileType = sourcecode.swift; path = Tracker.swift; sourceTree = "<group>"; };
		BC5E5DC22BC9AD4B00BD7655 /* CreatingTracker.swift */ = {isa = PBXFileReference; lastKnownFileType = sourcecode.swift; path = CreatingTracker.swift; sourceTree = "<group>"; };
		BC5E5DC52BC9AE7000BD7655 /* Extensions.swift */ = {isa = PBXFileReference; lastKnownFileType = sourcecode.swift; path = Extensions.swift; sourceTree = "<group>"; };
		BC5E5DC82BC9BF7200BD7655 /* Protocols.swift */ = {isa = PBXFileReference; lastKnownFileType = sourcecode.swift; path = Protocols.swift; sourceTree = "<group>"; };
		BC9A9F842BCB2F8800558F38 /* CollectionViewCell.swift */ = {isa = PBXFileReference; lastKnownFileType = sourcecode.swift; path = CollectionViewCell.swift; sourceTree = "<group>"; };
		BC9A9F862BCB429900558F38 /* GeomitricParams.swift */ = {isa = PBXFileReference; lastKnownFileType = sourcecode.swift; path = GeomitricParams.swift; sourceTree = "<group>"; };
		BCC82EE02BBEE8710042D467 /* Tracker.app */ = {isa = PBXFileReference; explicitFileType = wrapper.application; includeInIndex = 0; path = Tracker.app; sourceTree = BUILT_PRODUCTS_DIR; };
		BCC82EE32BBEE8710042D467 /* AppDelegate.swift */ = {isa = PBXFileReference; lastKnownFileType = sourcecode.swift; path = AppDelegate.swift; sourceTree = "<group>"; };
		BCC82EE52BBEE8710042D467 /* SceneDelegate.swift */ = {isa = PBXFileReference; lastKnownFileType = sourcecode.swift; path = SceneDelegate.swift; sourceTree = "<group>"; };
		BCC82EEC2BBEE8720042D467 /* Assets.xcassets */ = {isa = PBXFileReference; lastKnownFileType = folder.assetcatalog; path = Assets.xcassets; sourceTree = "<group>"; };
		BCC82EEF2BBEE8720042D467 /* Base */ = {isa = PBXFileReference; lastKnownFileType = file.storyboard; name = Base; path = Base.lproj/LaunchScreen.storyboard; sourceTree = "<group>"; };
		BCC82EF12BBEE8720042D467 /* Info.plist */ = {isa = PBXFileReference; lastKnownFileType = text.plist.xml; path = Info.plist; sourceTree = "<group>"; };
		BCF6219B2BBF4561001DE986 /* TabBarControler.swift */ = {isa = PBXFileReference; lastKnownFileType = sourcecode.swift; path = TabBarControler.swift; sourceTree = "<group>"; };
		BCF6219D2BBF4595001DE986 /* TrackerViewController.swift */ = {isa = PBXFileReference; lastKnownFileType = sourcecode.swift; path = TrackerViewController.swift; sourceTree = "<group>"; };
		BCF6219F2BBF45A8001DE986 /* StatisticViewController.swift */ = {isa = PBXFileReference; lastKnownFileType = sourcecode.swift; path = StatisticViewController.swift; sourceTree = "<group>"; };
/* End PBXFileReference section */

/* Begin PBXFrameworksBuildPhase section */
		BCC82EDD2BBEE8710042D467 /* Frameworks */ = {
			isa = PBXFrameworksBuildPhase;
			buildActionMask = 2147483647;
			files = (
			);
			runOnlyForDeploymentPostprocessing = 0;
		};
/* End PBXFrameworksBuildPhase section */

/* Begin PBXGroup section */
		BC0319F42BC00D2D00BF10D1 /* TabBarController */ = {
			isa = PBXGroup;
			children = (
				BCF6219B2BBF4561001DE986 /* TabBarControler.swift */,
			);
			path = TabBarController;
			sourceTree = "<group>";
		};
		BC3D9B142BCB66C600C60848 /* StatisticVeiw */ = {
			isa = PBXGroup;
			children = (
				BCF6219F2BBF45A8001DE986 /* StatisticViewController.swift */,
			);
			path = StatisticVeiw;
			sourceTree = "<group>";
		};
		BC5E5DBA2BC9A16300BD7655 /* Models */ = {
			isa = PBXGroup;
			children = (
				BC5E5DCA2BC9BF7F00BD7655 /* Tracker */,
				BC5E5DC72BC9BF5A00BD7655 /* Protocols */,
			);
			path = Models;
			sourceTree = "<group>";
		};
		BC5E5DC12BC9AD2D00BD7655 /* CreatingTracker */ = {
			isa = PBXGroup;
			children = (
				BC5E5DC22BC9AD4B00BD7655 /* CreatingTracker.swift */,
			);
			path = CreatingTracker;
			sourceTree = "<group>";
		};
		BC5E5DC42BC9AE3F00BD7655 /* extensions */ = {
			isa = PBXGroup;
			children = (
				BC5E5DC52BC9AE7000BD7655 /* Extensions.swift */,
			);
			path = extensions;
			sourceTree = "<group>";
		};
		BC5E5DC72BC9BF5A00BD7655 /* Protocols */ = {
			isa = PBXGroup;
			children = (
				BC5E5DC82BC9BF7200BD7655 /* Protocols.swift */,
			);
			path = Protocols;
			sourceTree = "<group>";
		};
		BC5E5DCA2BC9BF7F00BD7655 /* Tracker */ = {
			isa = PBXGroup;
			children = (
				BC5E5DBD2BC9A18800BD7655 /* TrackerRecord.swift */,
				BC5E5DBB2BC9A17A00BD7655 /* TrackerCategory.swift */,
				BC5E5DBF2BC9A5E700BD7655 /* Tracker.swift */,
			);
			path = Tracker;
			sourceTree = "<group>";
		};
		BCC82ED72BBEE8710042D467 = {
			isa = PBXGroup;
			children = (
				BCC82EE22BBEE8710042D467 /* Tracker */,
				BCC82EE12BBEE8710042D467 /* Products */,
			);
			sourceTree = "<group>";
		};
		BCC82EE12BBEE8710042D467 /* Products */ = {
			isa = PBXGroup;
			children = (
				BCC82EE02BBEE8710042D467 /* Tracker.app */,
			);
			name = Products;
			sourceTree = "<group>";
		};
		BCC82EE22BBEE8710042D467 /* Tracker */ = {
			isa = PBXGroup;
			children = (
				BC3D9B142BCB66C600C60848 /* StatisticVeiw */,
				BC5E5DC42BC9AE3F00BD7655 /* extensions */,
				BC5E5DC12BC9AD2D00BD7655 /* CreatingTracker */,
				BC5E5DBA2BC9A16300BD7655 /* Models */,
				BC0319F42BC00D2D00BF10D1 /* TabBarController */,
				BCF6219A2BBF4545001DE986 /* CollectionView */,
				BCC82EE32BBEE8710042D467 /* AppDelegate.swift */,
				BCC82EE52BBEE8710042D467 /* SceneDelegate.swift */,
				BCC82EEC2BBEE8720042D467 /* Assets.xcassets */,
				BCC82EEE2BBEE8720042D467 /* LaunchScreen.storyboard */,
				BCC82EF12BBEE8720042D467 /* Info.plist */,
			);
			path = Tracker;
			sourceTree = "<group>";
		};
		BCF6219A2BBF4545001DE986 /* CollectionView */ = {
			isa = PBXGroup;
			children = (
				BCF6219D2BBF4595001DE986 /* TrackerViewController.swift */,
				BC9A9F842BCB2F8800558F38 /* CollectionViewCell.swift */,
				BC9A9F862BCB429900558F38 /* GeomitricParams.swift */,
			);
			path = CollectionView;
			sourceTree = "<group>";
		};
/* End PBXGroup section */

/* Begin PBXNativeTarget section */
		BCC82EDF2BBEE8710042D467 /* Tracker */ = {
			isa = PBXNativeTarget;
			buildConfigurationList = BCC82EF42BBEE8720042D467 /* Build configuration list for PBXNativeTarget "Tracker" */;
			buildPhases = (
				BCC82EDC2BBEE8710042D467 /* Sources */,
				BCC82EDD2BBEE8710042D467 /* Frameworks */,
				BCC82EDE2BBEE8710042D467 /* Resources */,
			);
			buildRules = (
			);
			dependencies = (
			);
			name = Tracker;
			productName = Tracker;
			productReference = BCC82EE02BBEE8710042D467 /* Tracker.app */;
			productType = "com.apple.product-type.application";
		};
/* End PBXNativeTarget section */

/* Begin PBXProject section */
		BCC82ED82BBEE8710042D467 /* Project object */ = {
			isa = PBXProject;
			attributes = {
				BuildIndependentTargetsInParallel = 1;
				LastSwiftUpdateCheck = 1530;
				LastUpgradeCheck = 1530;
				TargetAttributes = {
					BCC82EDF2BBEE8710042D467 = {
						CreatedOnToolsVersion = 15.3;
					};
				};
			};
			buildConfigurationList = BCC82EDB2BBEE8710042D467 /* Build configuration list for PBXProject "Tracker" */;
			compatibilityVersion = "Xcode 14.0";
			developmentRegion = en;
			hasScannedForEncodings = 0;
			knownRegions = (
				en,
				Base,
			);
			mainGroup = BCC82ED72BBEE8710042D467;
			productRefGroup = BCC82EE12BBEE8710042D467 /* Products */;
			projectDirPath = "";
			projectRoot = "";
			targets = (
				BCC82EDF2BBEE8710042D467 /* Tracker */,
			);
		};
/* End PBXProject section */

/* Begin PBXResourcesBuildPhase section */
		BCC82EDE2BBEE8710042D467 /* Resources */ = {
			isa = PBXResourcesBuildPhase;
			buildActionMask = 2147483647;
			files = (
				BCC82EED2BBEE8720042D467 /* Assets.xcassets in Resources */,
				BCC82EF02BBEE8720042D467 /* Base in Resources */,
			);
			runOnlyForDeploymentPostprocessing = 0;
		};
/* End PBXResourcesBuildPhase section */

/* Begin PBXSourcesBuildPhase section */
		BCC82EDC2BBEE8710042D467 /* Sources */ = {
			isa = PBXSourcesBuildPhase;
			buildActionMask = 2147483647;
			files = (
				BC5E5DBC2BC9A17A00BD7655 /* TrackerCategory.swift in Sources */,
				BCF6219E2BBF4595001DE986 /* TrackerViewController.swift in Sources */,
				BC9A9F852BCB2F8800558F38 /* CollectionViewCell.swift in Sources */,
				BC5E5DC62BC9AE7000BD7655 /* Extensions.swift in Sources */,
				BC5E5DC92BC9BF7200BD7655 /* Protocols.swift in Sources */,
				BCF6219C2BBF4561001DE986 /* TabBarControler.swift in Sources */,
				BC5E5DBE2BC9A18800BD7655 /* TrackerRecord.swift in Sources */,
				BC5E5DC02BC9A5E700BD7655 /* Tracker.swift in Sources */,
				BCF621A02BBF45A8001DE986 /* StatisticViewController.swift in Sources */,
				BC9A9F872BCB429900558F38 /* GeomitricParams.swift in Sources */,
				BCC82EE42BBEE8710042D467 /* AppDelegate.swift in Sources */,
				BCC82EE62BBEE8710042D467 /* SceneDelegate.swift in Sources */,
				BC5E5DC32BC9AD4B00BD7655 /* CreatingTracker.swift in Sources */,
			);
			runOnlyForDeploymentPostprocessing = 0;
		};
/* End PBXSourcesBuildPhase section */

/* Begin PBXVariantGroup section */
		BCC82EEE2BBEE8720042D467 /* LaunchScreen.storyboard */ = {
			isa = PBXVariantGroup;
			children = (
				BCC82EEF2BBEE8720042D467 /* Base */,
			);
			name = LaunchScreen.storyboard;
			sourceTree = "<group>";
		};
/* End PBXVariantGroup section */

/* Begin XCBuildConfiguration section */
		BCC82EF22BBEE8720042D467 /* Debug */ = {
			isa = XCBuildConfiguration;
			buildSettings = {
				ALWAYS_SEARCH_USER_PATHS = NO;
				ASSETCATALOG_COMPILER_GENERATE_SWIFT_ASSET_SYMBOL_EXTENSIONS = YES;
				CLANG_ANALYZER_NONNULL = YES;
				CLANG_ANALYZER_NUMBER_OBJECT_CONVERSION = YES_AGGRESSIVE;
				CLANG_CXX_LANGUAGE_STANDARD = "gnu++20";
				CLANG_ENABLE_MODULES = YES;
				CLANG_ENABLE_OBJC_ARC = YES;
				CLANG_ENABLE_OBJC_WEAK = YES;
				CLANG_WARN_BLOCK_CAPTURE_AUTORELEASING = YES;
				CLANG_WARN_BOOL_CONVERSION = YES;
				CLANG_WARN_COMMA = YES;
				CLANG_WARN_CONSTANT_CONVERSION = YES;
				CLANG_WARN_DEPRECATED_OBJC_IMPLEMENTATIONS = YES;
				CLANG_WARN_DIRECT_OBJC_ISA_USAGE = YES_ERROR;
				CLANG_WARN_DOCUMENTATION_COMMENTS = YES;
				CLANG_WARN_EMPTY_BODY = YES;
				CLANG_WARN_ENUM_CONVERSION = YES;
				CLANG_WARN_INFINITE_RECURSION = YES;
				CLANG_WARN_INT_CONVERSION = YES;
				CLANG_WARN_NON_LITERAL_NULL_CONVERSION = YES;
				CLANG_WARN_OBJC_IMPLICIT_RETAIN_SELF = YES;
				CLANG_WARN_OBJC_LITERAL_CONVERSION = YES;
				CLANG_WARN_OBJC_ROOT_CLASS = YES_ERROR;
				CLANG_WARN_QUOTED_INCLUDE_IN_FRAMEWORK_HEADER = YES;
				CLANG_WARN_RANGE_LOOP_ANALYSIS = YES;
				CLANG_WARN_STRICT_PROTOTYPES = YES;
				CLANG_WARN_SUSPICIOUS_MOVE = YES;
				CLANG_WARN_UNGUARDED_AVAILABILITY = YES_AGGRESSIVE;
				CLANG_WARN_UNREACHABLE_CODE = YES;
				CLANG_WARN__DUPLICATE_METHOD_MATCH = YES;
				COPY_PHASE_STRIP = NO;
				DEBUG_INFORMATION_FORMAT = dwarf;
				ENABLE_STRICT_OBJC_MSGSEND = YES;
				ENABLE_TESTABILITY = YES;
				ENABLE_USER_SCRIPT_SANDBOXING = YES;
				GCC_C_LANGUAGE_STANDARD = gnu17;
				GCC_DYNAMIC_NO_PIC = NO;
				GCC_NO_COMMON_BLOCKS = YES;
				GCC_OPTIMIZATION_LEVEL = 0;
				GCC_PREPROCESSOR_DEFINITIONS = (
					"DEBUG=1",
					"$(inherited)",
				);
				GCC_WARN_64_TO_32_BIT_CONVERSION = YES;
				GCC_WARN_ABOUT_RETURN_TYPE = YES_ERROR;
				GCC_WARN_UNDECLARED_SELECTOR = YES;
				GCC_WARN_UNINITIALIZED_AUTOS = YES_AGGRESSIVE;
				GCC_WARN_UNUSED_FUNCTION = YES;
				GCC_WARN_UNUSED_VARIABLE = YES;
				IPHONEOS_DEPLOYMENT_TARGET = 13.4;
				LOCALIZATION_PREFERS_STRING_CATALOGS = YES;
				MTL_ENABLE_DEBUG_INFO = INCLUDE_SOURCE;
				MTL_FAST_MATH = YES;
				ONLY_ACTIVE_ARCH = YES;
				SDKROOT = iphoneos;
				SWIFT_ACTIVE_COMPILATION_CONDITIONS = "DEBUG $(inherited)";
				SWIFT_OPTIMIZATION_LEVEL = "-Onone";
			};
			name = Debug;
		};
		BCC82EF32BBEE8720042D467 /* Release */ = {
			isa = XCBuildConfiguration;
			buildSettings = {
				ALWAYS_SEARCH_USER_PATHS = NO;
				ASSETCATALOG_COMPILER_GENERATE_SWIFT_ASSET_SYMBOL_EXTENSIONS = YES;
				CLANG_ANALYZER_NONNULL = YES;
				CLANG_ANALYZER_NUMBER_OBJECT_CONVERSION = YES_AGGRESSIVE;
				CLANG_CXX_LANGUAGE_STANDARD = "gnu++20";
				CLANG_ENABLE_MODULES = YES;
				CLANG_ENABLE_OBJC_ARC = YES;
				CLANG_ENABLE_OBJC_WEAK = YES;
				CLANG_WARN_BLOCK_CAPTURE_AUTORELEASING = YES;
				CLANG_WARN_BOOL_CONVERSION = YES;
				CLANG_WARN_COMMA = YES;
				CLANG_WARN_CONSTANT_CONVERSION = YES;
				CLANG_WARN_DEPRECATED_OBJC_IMPLEMENTATIONS = YES;
				CLANG_WARN_DIRECT_OBJC_ISA_USAGE = YES_ERROR;
				CLANG_WARN_DOCUMENTATION_COMMENTS = YES;
				CLANG_WARN_EMPTY_BODY = YES;
				CLANG_WARN_ENUM_CONVERSION = YES;
				CLANG_WARN_INFINITE_RECURSION = YES;
				CLANG_WARN_INT_CONVERSION = YES;
				CLANG_WARN_NON_LITERAL_NULL_CONVERSION = YES;
				CLANG_WARN_OBJC_IMPLICIT_RETAIN_SELF = YES;
				CLANG_WARN_OBJC_LITERAL_CONVERSION = YES;
				CLANG_WARN_OBJC_ROOT_CLASS = YES_ERROR;
				CLANG_WARN_QUOTED_INCLUDE_IN_FRAMEWORK_HEADER = YES;
				CLANG_WARN_RANGE_LOOP_ANALYSIS = YES;
				CLANG_WARN_STRICT_PROTOTYPES = YES;
				CLANG_WARN_SUSPICIOUS_MOVE = YES;
				CLANG_WARN_UNGUARDED_AVAILABILITY = YES_AGGRESSIVE;
				CLANG_WARN_UNREACHABLE_CODE = YES;
				CLANG_WARN__DUPLICATE_METHOD_MATCH = YES;
				COPY_PHASE_STRIP = NO;
				DEBUG_INFORMATION_FORMAT = "dwarf-with-dsym";
				ENABLE_NS_ASSERTIONS = NO;
				ENABLE_STRICT_OBJC_MSGSEND = YES;
				ENABLE_USER_SCRIPT_SANDBOXING = YES;
				GCC_C_LANGUAGE_STANDARD = gnu17;
				GCC_NO_COMMON_BLOCKS = YES;
				GCC_WARN_64_TO_32_BIT_CONVERSION = YES;
				GCC_WARN_ABOUT_RETURN_TYPE = YES_ERROR;
				GCC_WARN_UNDECLARED_SELECTOR = YES;
				GCC_WARN_UNINITIALIZED_AUTOS = YES_AGGRESSIVE;
				GCC_WARN_UNUSED_FUNCTION = YES;
				GCC_WARN_UNUSED_VARIABLE = YES;
				IPHONEOS_DEPLOYMENT_TARGET = 13.4;
				LOCALIZATION_PREFERS_STRING_CATALOGS = YES;
				MTL_ENABLE_DEBUG_INFO = NO;
				MTL_FAST_MATH = YES;
				SDKROOT = iphoneos;
				SWIFT_COMPILATION_MODE = wholemodule;
				VALIDATE_PRODUCT = YES;
			};
			name = Release;
		};
		BCC82EF52BBEE8720042D467 /* Debug */ = {
			isa = XCBuildConfiguration;
			buildSettings = {
				ASSETCATALOG_COMPILER_APPICON_NAME = AppIcon;
				ASSETCATALOG_COMPILER_GLOBAL_ACCENT_COLOR_NAME = AccentColor;
				CODE_SIGN_STYLE = Automatic;
				CURRENT_PROJECT_VERSION = 1;
				DEVELOPMENT_TEAM = 8V4HQNY692;
				GENERATE_INFOPLIST_FILE = YES;
				INFOPLIST_FILE = Tracker/Info.plist;
				INFOPLIST_KEY_UIApplicationSupportsIndirectInputEvents = YES;
				INFOPLIST_KEY_UILaunchStoryboardName = LaunchScreen;
				INFOPLIST_KEY_UISupportedInterfaceOrientations = UIInterfaceOrientationPortrait;
				INFOPLIST_KEY_UISupportedInterfaceOrientations_iPad = "UIInterfaceOrientationLandscapeLeft UIInterfaceOrientationLandscapeRight UIInterfaceOrientationPortrait UIInterfaceOrientationPortraitUpsideDown";
				IPHONEOS_DEPLOYMENT_TARGET = 13.4;
				LD_RUNPATH_SEARCH_PATHS = (
					"$(inherited)",
					"@executable_path/Frameworks",
				);
				MARKETING_VERSION = 1.0;
				PRODUCT_BUNDLE_IDENTIFIER = ru.practicum.Timurkaev.Tracker;
				PRODUCT_NAME = "$(TARGET_NAME)";
				SUPPORTED_PLATFORMS = "iphoneos iphonesimulator";
				SUPPORTS_MACCATALYST = NO;
				SUPPORTS_XR_DESIGNED_FOR_IPHONE_IPAD = NO;
				SWIFT_EMIT_LOC_STRINGS = YES;
				SWIFT_VERSION = 5.0;
				TARGETED_DEVICE_FAMILY = 1;
			};
			name = Debug;
		};
		BCC82EF62BBEE8720042D467 /* Release */ = {
			isa = XCBuildConfiguration;
			buildSettings = {
				ASSETCATALOG_COMPILER_APPICON_NAME = AppIcon;
				ASSETCATALOG_COMPILER_GLOBAL_ACCENT_COLOR_NAME = AccentColor;
				CODE_SIGN_STYLE = Automatic;
				CURRENT_PROJECT_VERSION = 1;
				DEVELOPMENT_TEAM = 8V4HQNY692;
				GENERATE_INFOPLIST_FILE = YES;
				INFOPLIST_FILE = Tracker/Info.plist;
				INFOPLIST_KEY_UIApplicationSupportsIndirectInputEvents = YES;
				INFOPLIST_KEY_UILaunchStoryboardName = LaunchScreen;
				INFOPLIST_KEY_UISupportedInterfaceOrientations = UIInterfaceOrientationPortrait;
				INFOPLIST_KEY_UISupportedInterfaceOrientations_iPad = "UIInterfaceOrientationLandscapeLeft UIInterfaceOrientationLandscapeRight UIInterfaceOrientationPortrait UIInterfaceOrientationPortraitUpsideDown";
				IPHONEOS_DEPLOYMENT_TARGET = 13.4;
				LD_RUNPATH_SEARCH_PATHS = (
					"$(inherited)",
					"@executable_path/Frameworks",
				);
				MARKETING_VERSION = 1.0;
				PRODUCT_BUNDLE_IDENTIFIER = ru.practicum.Timurkaev.Tracker;
				PRODUCT_NAME = "$(TARGET_NAME)";
				SUPPORTED_PLATFORMS = "iphoneos iphonesimulator";
				SUPPORTS_MACCATALYST = NO;
				SUPPORTS_XR_DESIGNED_FOR_IPHONE_IPAD = NO;
				SWIFT_EMIT_LOC_STRINGS = YES;
				SWIFT_VERSION = 5.0;
				TARGETED_DEVICE_FAMILY = 1;
			};
			name = Release;
		};
/* End XCBuildConfiguration section */

/* Begin XCConfigurationList section */
		BCC82EDB2BBEE8710042D467 /* Build configuration list for PBXProject "Tracker" */ = {
			isa = XCConfigurationList;
			buildConfigurations = (
				BCC82EF22BBEE8720042D467 /* Debug */,
				BCC82EF32BBEE8720042D467 /* Release */,
			);
			defaultConfigurationIsVisible = 0;
			defaultConfigurationName = Release;
		};
		BCC82EF42BBEE8720042D467 /* Build configuration list for PBXNativeTarget "Tracker" */ = {
			isa = XCConfigurationList;
			buildConfigurations = (
				BCC82EF52BBEE8720042D467 /* Debug */,
				BCC82EF62BBEE8720042D467 /* Release */,
			);
			defaultConfigurationIsVisible = 0;
			defaultConfigurationName = Release;
		};
/* End XCConfigurationList section */
	};
	rootObject = BCC82ED82BBEE8710042D467 /* Project object */;
}
